
Microsoft Visual Studio Solution File, Format Version 12.00
# Visual Studio Version 16
VisualStudioVersion = 16.0.28803.202
MinimumVisualStudioVersion = 10.0.40219.1
Project("{FAE04EC0-301F-11D3-BF4B-00C04F79EFBC}") = "Proyecto Final de Fisica", "Proyecto Final de Fisica\Proyecto Final de Fisica.csproj", "{C710348B-5C6C-4E84-9A7B-A4DD1A6AED07}"
EndProject
Project("{FAE04EC0-301F-11D3-BF4B-00C04F79EFBC}") = "fruslib", "..\fruslib\fruslib.csproj", "{9D390A59-1AD9-4657-BF7B-2D0FC34D1281}"
EndProject
Global
	GlobalSection(SolutionConfigurationPlatforms) = preSolution
		Debug|Any CPU = Debug|Any CPU
		Release|Any CPU = Release|Any CPU
	EndGlobalSection
	GlobalSection(ProjectConfigurationPlatforms) = postSolution
		{C710348B-5C6C-4E84-9A7B-A4DD1A6AED07}.Debug|Any CPU.ActiveCfg = Debug|Any CPU
		{C710348B-5C6C-4E84-9A7B-A4DD1A6AED07}.Debug|Any CPU.Build.0 = Debug|Any CPU
		{C710348B-5C6C-4E84-9A7B-A4DD1A6AED07}.Release|Any CPU.ActiveCfg = Release|Any CPU
		{C710348B-5C6C-4E84-9A7B-A4DD1A6AED07}.Release|Any CPU.Build.0 = Release|Any CPU
		{9D390A59-1AD9-4657-BF7B-2D0FC34D1281}.Debug|Any CPU.ActiveCfg = Debug|Any CPU
		{9D390A59-1AD9-4657-BF7B-2D0FC34D1281}.Debug|Any CPU.Build.0 = Debug|Any CPU
		{9D390A59-1AD9-4657-BF7B-2D0FC34D1281}.Release|Any CPU.ActiveCfg = Release|Any CPU
		{9D390A59-1AD9-4657-BF7B-2D0FC34D1281}.Release|Any CPU.Build.0 = Release|Any CPU
	EndGlobalSection
	GlobalSection(SolutionProperties) = preSolution
		HideSolutionNode = FALSE
	EndGlobalSection
	GlobalSection(ExtensibilityGlobals) = postSolution
		SolutionGuid = {39FC89A3-6C4B-4A1F-BB2D-11C7B213B72D}
	EndGlobalSection
EndGlobal
